
Microsoft Visual Studio Solution File, Format Version 12.00
# Visual Studio Version 16
VisualStudioVersion = 16.0.31911.196
MinimumVisualStudioVersion = 10.0.40219.1
Project("{FAE04EC0-301F-11D3-BF4B-00C04F79EFBC}") = "DivertelPool", "DivertelPool.csproj", "{4A87CC3F-3EE5-4901-8CA1-0D86F0582F0C}"
EndProject
Global
	GlobalSection(SolutionConfigurationPlatforms) = preSolution
		Debug|Any CPU = Debug|Any CPU
		Release|Any CPU = Release|Any CPU
	EndGlobalSection
	GlobalSection(ProjectConfigurationPlatforms) = postSolution
		{4A87CC3F-3EE5-4901-8CA1-0D86F0582F0C}.Debug|Any CPU.ActiveCfg = Debug|Any CPU
		{4A87CC3F-3EE5-4901-8CA1-0D86F0582F0C}.Debug|Any CPU.Build.0 = Debug|Any CPU
		{4A87CC3F-3EE5-4901-8CA1-0D86F0582F0C}.Release|Any CPU.ActiveCfg = Release|Any CPU
		{4A87CC3F-3EE5-4901-8CA1-0D86F0582F0C}.Release|Any CPU.Build.0 = Release|Any CPU
	EndGlobalSection
	GlobalSection(SolutionProperties) = preSolution
		HideSolutionNode = FALSE
	EndGlobalSection
	GlobalSection(ExtensibilityGlobals) = postSolution
		SolutionGuid = {4352B3D6-8FC5-43B5-8CE8-65DF0D55B017}
	EndGlobalSection
EndGlobal
